
Microsoft Visual Studio Solution File, Format Version 12.00
# Visual Studio Version 16
VisualStudioVersion = 16.0.31321.278
MinimumVisualStudioVersion = 10.0.40219.1
Project("{9A19103F-16F7-4668-BE54-9A1E7A4F7556}") = "LearnTasks", "LearnTasks\LearnTasks.csproj", "{D67CE144-9253-4BB7-8203-750DAB2E6875}"
EndProject
Project("{9A19103F-16F7-4668-BE54-9A1E7A4F7556}") = "LearnTest", "LearnTest\LearnTest.csproj", "{76409410-105B-4E42-A90B-2EA4E612B9AB}"
EndProject
Project("{9A19103F-16F7-4668-BE54-9A1E7A4F7556}") = "WebApiNetCore", "WebApiNetCore\WebApiNetCore.csproj", "{A4BA1E57-5121-4B72-8E0E-03594A75CE4A}"
EndProject
Project("{9A19103F-16F7-4668-BE54-9A1E7A4F7556}") = "Onward.Services", "..\ConvoySupply\Onward\Onward.Services\Onward.Services.csproj", "{B57E19D4-0EE2-4E98-8579-AD2A79B19D2F}"
EndProject
Project("{9A19103F-16F7-4668-BE54-9A1E7A4F7556}") = "ClassLibrary1", "ClassLibrary1\ClassLibrary1.csproj", "{AE10442F-E84F-4331-808F-2EC52FB74E42}"
EndProject
Project("{9A19103F-16F7-4668-BE54-9A1E7A4F7556}") = "TestProject1", "TestProject1\TestProject1.csproj", "{E3C14728-A1FD-4077-8FD6-6211C489C988}"
EndProject
Global
	GlobalSection(SolutionConfigurationPlatforms) = preSolution
		Debug|Any CPU = Debug|Any CPU
		Release|Any CPU = Release|Any CPU
	EndGlobalSection
	GlobalSection(ProjectConfigurationPlatforms) = postSolution
		{D67CE144-9253-4BB7-8203-750DAB2E6875}.Debug|Any CPU.ActiveCfg = Debug|Any CPU
		{D67CE144-9253-4BB7-8203-750DAB2E6875}.Debug|Any CPU.Build.0 = Debug|Any CPU
		{D67CE144-9253-4BB7-8203-750DAB2E6875}.Release|Any CPU.ActiveCfg = Release|Any CPU
		{D67CE144-9253-4BB7-8203-750DAB2E6875}.Release|Any CPU.Build.0 = Release|Any CPU
		{76409410-105B-4E42-A90B-2EA4E612B9AB}.Debug|Any CPU.ActiveCfg = Debug|Any CPU
		{76409410-105B-4E42-A90B-2EA4E612B9AB}.Debug|Any CPU.Build.0 = Debug|Any CPU
		{76409410-105B-4E42-A90B-2EA4E612B9AB}.Release|Any CPU.ActiveCfg = Release|Any CPU
		{76409410-105B-4E42-A90B-2EA4E612B9AB}.Release|Any CPU.Build.0 = Release|Any CPU
		{A4BA1E57-5121-4B72-8E0E-03594A75CE4A}.Debug|Any CPU.ActiveCfg = Debug|Any CPU
		{A4BA1E57-5121-4B72-8E0E-03594A75CE4A}.Debug|Any CPU.Build.0 = Debug|Any CPU
		{A4BA1E57-5121-4B72-8E0E-03594A75CE4A}.Release|Any CPU.ActiveCfg = Release|Any CPU
		{A4BA1E57-5121-4B72-8E0E-03594A75CE4A}.Release|Any CPU.Build.0 = Release|Any CPU
		{B57E19D4-0EE2-4E98-8579-AD2A79B19D2F}.Debug|Any CPU.ActiveCfg = Debug|Any CPU
		{B57E19D4-0EE2-4E98-8579-AD2A79B19D2F}.Debug|Any CPU.Build.0 = Debug|Any CPU
		{B57E19D4-0EE2-4E98-8579-AD2A79B19D2F}.Release|Any CPU.ActiveCfg = Release|Any CPU
		{B57E19D4-0EE2-4E98-8579-AD2A79B19D2F}.Release|Any CPU.Build.0 = Release|Any CPU
		{AE10442F-E84F-4331-808F-2EC52FB74E42}.Debug|Any CPU.ActiveCfg = Debug|Any CPU
		{AE10442F-E84F-4331-808F-2EC52FB74E42}.Debug|Any CPU.Build.0 = Debug|Any CPU
		{AE10442F-E84F-4331-808F-2EC52FB74E42}.Release|Any CPU.ActiveCfg = Release|Any CPU
		{AE10442F-E84F-4331-808F-2EC52FB74E42}.Release|Any CPU.Build.0 = Release|Any CPU
		{E3C14728-A1FD-4077-8FD6-6211C489C988}.Debug|Any CPU.ActiveCfg = Debug|Any CPU
		{E3C14728-A1FD-4077-8FD6-6211C489C988}.Debug|Any CPU.Build.0 = Debug|Any CPU
		{E3C14728-A1FD-4077-8FD6-6211C489C988}.Release|Any CPU.ActiveCfg = Release|Any CPU
		{E3C14728-A1FD-4077-8FD6-6211C489C988}.Release|Any CPU.Build.0 = Release|Any CPU
	EndGlobalSection
	GlobalSection(SolutionProperties) = preSolution
		HideSolutionNode = FALSE
	EndGlobalSection
	GlobalSection(ExtensibilityGlobals) = postSolution
		SolutionGuid = {4D5C8546-7652-45E5-8BB4-7C3AAA8C7D3A}
	EndGlobalSection
EndGlobal
